
Microsoft Visual Studio Solution File, Format Version 12.00
# Visual Studio 15
VisualStudioVersion = 15.0.28307.1209
MinimumVisualStudioVersion = 10.0.40219.1
Project("{FAE04EC0-301F-11D3-BF4B-00C04F79EFBC}") = "ZipArchiva", "ZipArchiva\ZipArchiva.csproj", "{274C2BE6-8297-4029-B09A-7C61CE5FAB27}"
EndProject
Project("{FAE04EC0-301F-11D3-BF4B-00C04F79EFBC}") = "Forma", "Forma\Forma.csproj", "{8BF6A0F9-211D-4C72-877A-F3975DA187D5}"
EndProject
Global
	GlobalSection(SolutionConfigurationPlatforms) = preSolution
		Debug|Any CPU = Debug|Any CPU
		Release|Any CPU = Release|Any CPU
	EndGlobalSection
	GlobalSection(ProjectConfigurationPlatforms) = postSolution
		{274C2BE6-8297-4029-B09A-7C61CE5FAB27}.Debug|Any CPU.ActiveCfg = Debug|Any CPU
		{274C2BE6-8297-4029-B09A-7C61CE5FAB27}.Debug|Any CPU.Build.0 = Debug|Any CPU
		{274C2BE6-8297-4029-B09A-7C61CE5FAB27}.Release|Any CPU.ActiveCfg = Release|Any CPU
		{274C2BE6-8297-4029-B09A-7C61CE5FAB27}.Release|Any CPU.Build.0 = Release|Any CPU
		{8BF6A0F9-211D-4C72-877A-F3975DA187D5}.Debug|Any CPU.ActiveCfg = Debug|Any CPU
		{8BF6A0F9-211D-4C72-877A-F3975DA187D5}.Debug|Any CPU.Build.0 = Debug|Any CPU
		{8BF6A0F9-211D-4C72-877A-F3975DA187D5}.Release|Any CPU.ActiveCfg = Release|Any CPU
		{8BF6A0F9-211D-4C72-877A-F3975DA187D5}.Release|Any CPU.Build.0 = Release|Any CPU
	EndGlobalSection
	GlobalSection(SolutionProperties) = preSolution
		HideSolutionNode = FALSE
	EndGlobalSection
	GlobalSection(ExtensibilityGlobals) = postSolution
		SolutionGuid = {D59537A0-82DF-42FD-B4D8-A580C6BA4E19}
	EndGlobalSection
EndGlobal
